
Microsoft Visual Studio Solution File, Format Version 12.00
# Visual Studio 15
VisualStudioVersion = 15.0.27703.2026
MinimumVisualStudioVersion = 10.0.40219.1
Project("{9A19103F-16F7-4668-BE54-9A1E7A4F7556}") = "DeserializationLibStandard", "DeserializationLibStandard\DeserializationLibStandard.csproj", "{44BA6CE5-C840-4494-977C-FB93ECD949E2}"
EndProject
Project("{FAE04EC0-301F-11D3-BF4B-00C04F79EFBC}") = "DeserializationLibFull", "DeserializationLibFull\DeserializationLibFull.csproj", "{79499B8D-1F02-481C-89D6-09D5C5CBB8BA}"
EndProject
Project("{FAE04EC0-301F-11D3-BF4B-00C04F79EFBC}") = "DotNetSecurityLabWeb", "DotNetSecurityLabWeb\DotNetSecurityLabWeb.csproj", "{A020A967-C6AD-4DB9-B181-150343621D43}"
EndProject
Project("{FAE04EC0-301F-11D3-BF4B-00C04F79EFBC}") = "XmlLibFull", "XmlLibFull\XmlLibFull.csproj", "{7A1F5B2A-D3CC-4810-AD3B-0C9DD0FAB2A4}"
EndProject
Global
	GlobalSection(SolutionConfigurationPlatforms) = preSolution
		Debug|Any CPU = Debug|Any CPU
		Release|Any CPU = Release|Any CPU
	EndGlobalSection
	GlobalSection(ProjectConfigurationPlatforms) = postSolution
		{44BA6CE5-C840-4494-977C-FB93ECD949E2}.Debug|Any CPU.ActiveCfg = Debug|Any CPU
		{44BA6CE5-C840-4494-977C-FB93ECD949E2}.Debug|Any CPU.Build.0 = Debug|Any CPU
		{44BA6CE5-C840-4494-977C-FB93ECD949E2}.Release|Any CPU.ActiveCfg = Release|Any CPU
		{44BA6CE5-C840-4494-977C-FB93ECD949E2}.Release|Any CPU.Build.0 = Release|Any CPU
		{79499B8D-1F02-481C-89D6-09D5C5CBB8BA}.Debug|Any CPU.ActiveCfg = Debug|Any CPU
		{79499B8D-1F02-481C-89D6-09D5C5CBB8BA}.Debug|Any CPU.Build.0 = Debug|Any CPU
		{79499B8D-1F02-481C-89D6-09D5C5CBB8BA}.Release|Any CPU.ActiveCfg = Release|Any CPU
		{79499B8D-1F02-481C-89D6-09D5C5CBB8BA}.Release|Any CPU.Build.0 = Release|Any CPU
		{A020A967-C6AD-4DB9-B181-150343621D43}.Debug|Any CPU.ActiveCfg = Debug|Any CPU
		{A020A967-C6AD-4DB9-B181-150343621D43}.Debug|Any CPU.Build.0 = Debug|Any CPU
		{A020A967-C6AD-4DB9-B181-150343621D43}.Release|Any CPU.ActiveCfg = Release|Any CPU
		{A020A967-C6AD-4DB9-B181-150343621D43}.Release|Any CPU.Build.0 = Release|Any CPU
		{7A1F5B2A-D3CC-4810-AD3B-0C9DD0FAB2A4}.Debug|Any CPU.ActiveCfg = Debug|Any CPU
		{7A1F5B2A-D3CC-4810-AD3B-0C9DD0FAB2A4}.Debug|Any CPU.Build.0 = Debug|Any CPU
		{7A1F5B2A-D3CC-4810-AD3B-0C9DD0FAB2A4}.Release|Any CPU.ActiveCfg = Release|Any CPU
		{7A1F5B2A-D3CC-4810-AD3B-0C9DD0FAB2A4}.Release|Any CPU.Build.0 = Release|Any CPU
	EndGlobalSection
	GlobalSection(SolutionProperties) = preSolution
		HideSolutionNode = FALSE
	EndGlobalSection
	GlobalSection(ExtensibilityGlobals) = postSolution
		SolutionGuid = {9DFACDB6-B491-46AD-B129-A51F0227665C}
	EndGlobalSection
EndGlobal
